
Microsoft Visual Studio Solution File, Format Version 12.00
# Visual Studio Version 16
VisualStudioVersion = 16.0.31321.278
MinimumVisualStudioVersion = 10.0.40219.1
Project("{9A19103F-16F7-4668-BE54-9A1E7A4F7556}") = "ToDo", "ToDo\ToDo.csproj", "{DC44750B-2C32-4421-B8A0-061EA51E1074}"
EndProject
Global
	GlobalSection(SolutionConfigurationPlatforms) = preSolution
		Debug|Any CPU = Debug|Any CPU
		Release|Any CPU = Release|Any CPU
	EndGlobalSection
	GlobalSection(ProjectConfigurationPlatforms) = postSolution
		{DC44750B-2C32-4421-B8A0-061EA51E1074}.Debug|Any CPU.ActiveCfg = Debug|Any CPU
		{DC44750B-2C32-4421-B8A0-061EA51E1074}.Debug|Any CPU.Build.0 = Debug|Any CPU
		{DC44750B-2C32-4421-B8A0-061EA51E1074}.Release|Any CPU.ActiveCfg = Release|Any CPU
		{DC44750B-2C32-4421-B8A0-061EA51E1074}.Release|Any CPU.Build.0 = Release|Any CPU
	EndGlobalSection
	GlobalSection(SolutionProperties) = preSolution
		HideSolutionNode = FALSE
	EndGlobalSection
	GlobalSection(ExtensibilityGlobals) = postSolution
		SolutionGuid = {F7A86203-7F58-49E4-9A29-AA5D333183DC}
	EndGlobalSection
EndGlobal
